
Microsoft Visual Studio Solution File, Format Version 12.00
# Visual Studio Version 16
VisualStudioVersion = 16.0.30002.166
MinimumVisualStudioVersion = 10.0.40219.1
Project("{2150E333-8FDC-42A3-9474-1A3956D46DE8}") = "LeetCodePratice", "LeetCodePratice", "{A1230107-264C-4992-A795-496A476D2C8C}"
EndProject
Project("{2150E333-8FDC-42A3-9474-1A3956D46DE8}") = "Data_Sructure", "Data_Sructure", "{DC1FF214-E600-4A64-96D2-54E977F8F001}"
EndProject
Project("{9A19103F-16F7-4668-BE54-9A1E7A4F7556}") = "01Array", "Data_Structure\01Array\01Array.csproj", "{8E1A4D32-3FDB-4510-9911-AC3B33AAD0B7}"
EndProject
Project("{9A19103F-16F7-4668-BE54-9A1E7A4F7556}") = "Label_Array", "Leet_code\Label_Array\Label_Array.csproj", "{3B54630E-23EB-4974-9C23-B2A4D8BC65A8}"
EndProject
Project("{2150E333-8FDC-42A3-9474-1A3956D46DE8}") = "Algorithms", "Algorithms", "{FD6CD557-F619-41B1-9489-5F24689ED85A}"
EndProject
Project("{9A19103F-16F7-4668-BE54-9A1E7A4F7556}") = "Fibonacci", "Data_Structure\Algorithms\Fibonacci\Fibonacci.csproj", "{E17BB1E8-DC20-4EAD-9957-A2C79D83086B}"
EndProject
Project("{FAE04EC0-301F-11D3-BF4B-00C04F79EFBC}") = "Test", "Test\Test.csproj", "{0CC17BDD-0BDC-4E72-8328-0949EBA3FE77}"
EndProject
Global
	GlobalSection(SolutionConfigurationPlatforms) = preSolution
		Debug|Any CPU = Debug|Any CPU
		Release|Any CPU = Release|Any CPU
	EndGlobalSection
	GlobalSection(ProjectConfigurationPlatforms) = postSolution
		{8E1A4D32-3FDB-4510-9911-AC3B33AAD0B7}.Debug|Any CPU.ActiveCfg = Debug|Any CPU
		{8E1A4D32-3FDB-4510-9911-AC3B33AAD0B7}.Debug|Any CPU.Build.0 = Debug|Any CPU
		{8E1A4D32-3FDB-4510-9911-AC3B33AAD0B7}.Release|Any CPU.ActiveCfg = Release|Any CPU
		{8E1A4D32-3FDB-4510-9911-AC3B33AAD0B7}.Release|Any CPU.Build.0 = Release|Any CPU
		{3B54630E-23EB-4974-9C23-B2A4D8BC65A8}.Debug|Any CPU.ActiveCfg = Debug|Any CPU
		{3B54630E-23EB-4974-9C23-B2A4D8BC65A8}.Debug|Any CPU.Build.0 = Debug|Any CPU
		{3B54630E-23EB-4974-9C23-B2A4D8BC65A8}.Release|Any CPU.ActiveCfg = Release|Any CPU
		{3B54630E-23EB-4974-9C23-B2A4D8BC65A8}.Release|Any CPU.Build.0 = Release|Any CPU
		{E17BB1E8-DC20-4EAD-9957-A2C79D83086B}.Debug|Any CPU.ActiveCfg = Debug|Any CPU
		{E17BB1E8-DC20-4EAD-9957-A2C79D83086B}.Debug|Any CPU.Build.0 = Debug|Any CPU
		{E17BB1E8-DC20-4EAD-9957-A2C79D83086B}.Release|Any CPU.ActiveCfg = Release|Any CPU
		{E17BB1E8-DC20-4EAD-9957-A2C79D83086B}.Release|Any CPU.Build.0 = Release|Any CPU
		{0CC17BDD-0BDC-4E72-8328-0949EBA3FE77}.Debug|Any CPU.ActiveCfg = Debug|Any CPU
		{0CC17BDD-0BDC-4E72-8328-0949EBA3FE77}.Debug|Any CPU.Build.0 = Debug|Any CPU
		{0CC17BDD-0BDC-4E72-8328-0949EBA3FE77}.Release|Any CPU.ActiveCfg = Release|Any CPU
		{0CC17BDD-0BDC-4E72-8328-0949EBA3FE77}.Release|Any CPU.Build.0 = Release|Any CPU
	EndGlobalSection
	GlobalSection(SolutionProperties) = preSolution
		HideSolutionNode = FALSE
	EndGlobalSection
	GlobalSection(NestedProjects) = preSolution
		{8E1A4D32-3FDB-4510-9911-AC3B33AAD0B7} = {DC1FF214-E600-4A64-96D2-54E977F8F001}
		{3B54630E-23EB-4974-9C23-B2A4D8BC65A8} = {A1230107-264C-4992-A795-496A476D2C8C}
		{FD6CD557-F619-41B1-9489-5F24689ED85A} = {DC1FF214-E600-4A64-96D2-54E977F8F001}
		{E17BB1E8-DC20-4EAD-9957-A2C79D83086B} = {FD6CD557-F619-41B1-9489-5F24689ED85A}
	EndGlobalSection
	GlobalSection(ExtensibilityGlobals) = postSolution
		SolutionGuid = {5EA14812-6688-45A4-98A1-2CAF8EB4FC31}
	EndGlobalSection
EndGlobal
